// !$*UTF8*$!
{
	archiveVersion = 1;
	classes = {
	};
	objectVersion = 50;
	objects = {

/* Begin PBXBuildFile section */
		A761385D208764D500FAD451 /* AppDelegate.swift in Sources */ = {isa = PBXBuildFile; fileRef = A761385C208764D500FAD451 /* AppDelegate.swift */; };
		A761385F208764D500FAD451 /* GameViewController.swift in Sources */ = {isa = PBXBuildFile; fileRef = A761385E208764D500FAD451 /* GameViewController.swift */; };
		A7613862208764D500FAD451 /* Main.storyboard in Resources */ = {isa = PBXBuildFile; fileRef = A7613860208764D500FAD451 /* Main.storyboard */; };
		A761386B208764D600FAD451 /* AppDelegate.swift in Sources */ = {isa = PBXBuildFile; fileRef = A761386A208764D600FAD451 /* AppDelegate.swift */; };
		A761386D208764D600FAD451 /* GameViewController.swift in Sources */ = {isa = PBXBuildFile; fileRef = A761386C208764D600FAD451 /* GameViewController.swift */; };
		A7613870208764D600FAD451 /* Main.storyboard in Resources */ = {isa = PBXBuildFile; fileRef = A761386E208764D600FAD451 /* Main.storyboard */; };
		A7613872208764D600FAD451 /* Actions.sks in Resources */ = {isa = PBXBuildFile; fileRef = A7613851208764D400FAD451 /* Actions.sks */; };
		A7613873208764D600FAD451 /* Actions.sks in Resources */ = {isa = PBXBuildFile; fileRef = A7613851208764D400FAD451 /* Actions.sks */; };
		A7613874208764D600FAD451 /* GameScene.sks in Resources */ = {isa = PBXBuildFile; fileRef = A7613852208764D400FAD451 /* GameScene.sks */; };
		A7613875208764D600FAD451 /* GameScene.sks in Resources */ = {isa = PBXBuildFile; fileRef = A7613852208764D400FAD451 /* GameScene.sks */; };
		A7613876208764D600FAD451 /* GameScene.swift in Sources */ = {isa = PBXBuildFile; fileRef = A7613853208764D400FAD451 /* GameScene.swift */; };
		A7613877208764D600FAD451 /* GameScene.swift in Sources */ = {isa = PBXBuildFile; fileRef = A7613853208764D400FAD451 /* GameScene.swift */; };
		A7613878208764D600FAD451 /* Assets.xcassets in Resources */ = {isa = PBXBuildFile; fileRef = A7613854208764D500FAD451 /* Assets.xcassets */; };
		A7613879208764D600FAD451 /* Assets.xcassets in Resources */ = {isa = PBXBuildFile; fileRef = A7613854208764D500FAD451 /* Assets.xcassets */; };
/* End PBXBuildFile section */

/* Begin PBXFileReference section */
		A7613851208764D400FAD451 /* Actions.sks */ = {isa = PBXFileReference; lastKnownFileType = file.sks; path = Actions.sks; sourceTree = "<group>"; };
		A7613852208764D400FAD451 /* GameScene.sks */ = {isa = PBXFileReference; lastKnownFileType = file.sks; path = GameScene.sks; sourceTree = "<group>"; };
		A7613853208764D400FAD451 /* GameScene.swift */ = {isa = PBXFileReference; lastKnownFileType = sourcecode.swift; path = GameScene.swift; sourceTree = "<group>"; };
		A7613854208764D500FAD451 /* Assets.xcassets */ = {isa = PBXFileReference; lastKnownFileType = folder.assetcatalog; path = Assets.xcassets; sourceTree = "<group>"; };
		A7613859208764D500FAD451 /* MovementTest.app */ = {isa = PBXFileReference; explicitFileType = wrapper.application; includeInIndex = 0; path = MovementTest.app; sourceTree = BUILT_PRODUCTS_DIR; };
		A761385C208764D500FAD451 /* AppDelegate.swift */ = {isa = PBXFileReference; lastKnownFileType = sourcecode.swift; path = AppDelegate.swift; sourceTree = "<group>"; };
		A761385E208764D500FAD451 /* GameViewController.swift */ = {isa = PBXFileReference; lastKnownFileType = sourcecode.swift; path = GameViewController.swift; sourceTree = "<group>"; };
		A7613861208764D500FAD451 /* Base */ = {isa = PBXFileReference; lastKnownFileType = file.storyboard; name = Base; path = Base.lproj/Main.storyboard; sourceTree = "<group>"; };
		A7613863208764D600FAD451 /* Info.plist */ = {isa = PBXFileReference; lastKnownFileType = text.plist.xml; path = Info.plist; sourceTree = "<group>"; };
		A7613868208764D600FAD451 /* MovementTest.app */ = {isa = PBXFileReference; explicitFileType = wrapper.application; includeInIndex = 0; path = MovementTest.app; sourceTree = BUILT_PRODUCTS_DIR; };
		A761386A208764D600FAD451 /* AppDelegate.swift */ = {isa = PBXFileReference; lastKnownFileType = sourcecode.swift; path = AppDelegate.swift; sourceTree = "<group>"; };
		A761386C208764D600FAD451 /* GameViewController.swift */ = {isa = PBXFileReference; lastKnownFileType = sourcecode.swift; path = GameViewController.swift; sourceTree = "<group>"; };
		A761386F208764D600FAD451 /* Base */ = {isa = PBXFileReference; lastKnownFileType = file.storyboard; name = Base; path = Base.lproj/Main.storyboard; sourceTree = "<group>"; };
		A7613871208764D600FAD451 /* Info.plist */ = {isa = PBXFileReference; lastKnownFileType = text.plist.xml; path = Info.plist; sourceTree = "<group>"; };
/* End PBXFileReference section */

/* Begin PBXFrameworksBuildPhase section */
		A7613856208764D500FAD451 /* Frameworks */ = {
			isa = PBXFrameworksBuildPhase;
			buildActionMask = 2147483647;
			files = (
			);
			runOnlyForDeploymentPostprocessing = 0;
		};
		A7613865208764D600FAD451 /* Frameworks */ = {
			isa = PBXFrameworksBuildPhase;
			buildActionMask = 2147483647;
			files = (
			);
			runOnlyForDeploymentPostprocessing = 0;
		};
/* End PBXFrameworksBuildPhase section */

/* Begin PBXGroup section */
		A761384B208764D300FAD451 = {
			isa = PBXGroup;
			children = (
				A7613850208764D400FAD451 /* MovementTest Shared */,
				A761385B208764D500FAD451 /* MovementTest tvOS */,
				A7613869208764D600FAD451 /* MovementTest macOS */,
				A761385A208764D500FAD451 /* Products */,
			);
			sourceTree = "<group>";
		};
		A7613850208764D400FAD451 /* MovementTest Shared */ = {
			isa = PBXGroup;
			children = (
				A7613851208764D400FAD451 /* Actions.sks */,
				A7613852208764D400FAD451 /* GameScene.sks */,
				A7613853208764D400FAD451 /* GameScene.swift */,
				A7613854208764D500FAD451 /* Assets.xcassets */,
			);
			path = "MovementTest Shared";
			sourceTree = "<group>";
		};
		A761385A208764D500FAD451 /* Products */ = {
			isa = PBXGroup;
			children = (
				A7613859208764D500FAD451 /* MovementTest.app */,
				A7613868208764D600FAD451 /* MovementTest.app */,
			);
			name = Products;
			sourceTree = "<group>";
		};
		A761385B208764D500FAD451 /* MovementTest tvOS */ = {
			isa = PBXGroup;
			children = (
				A761385C208764D500FAD451 /* AppDelegate.swift */,
				A761385E208764D500FAD451 /* GameViewController.swift */,
				A7613860208764D500FAD451 /* Main.storyboard */,
				A7613863208764D600FAD451 /* Info.plist */,
			);
			path = "MovementTest tvOS";
			sourceTree = "<group>";
		};
		A7613869208764D600FAD451 /* MovementTest macOS */ = {
			isa = PBXGroup;
			children = (
				A761386A208764D600FAD451 /* AppDelegate.swift */,
				A761386C208764D600FAD451 /* GameViewController.swift */,
				A761386E208764D600FAD451 /* Main.storyboard */,
				A7613871208764D600FAD451 /* Info.plist */,
			);
			path = "MovementTest macOS";
			sourceTree = "<group>";
		};
/* End PBXGroup section */

/* Begin PBXNativeTarget section */
		A7613858208764D500FAD451 /* MovementTest tvOS */ = {
			isa = PBXNativeTarget;
			buildConfigurationList = A761387C208764D600FAD451 /* Build configuration list for PBXNativeTarget "MovementTest tvOS" */;
			buildPhases = (
				A7613855208764D500FAD451 /* Sources */,
				A7613856208764D500FAD451 /* Frameworks */,
				A7613857208764D500FAD451 /* Resources */,
			);
			buildRules = (
			);
			dependencies = (
			);
			name = "MovementTest tvOS";
			productName = "MovementTest tvOS";
			productReference = A7613859208764D500FAD451 /* MovementTest.app */;
			productType = "com.apple.product-type.application";
		};
		A7613867208764D600FAD451 /* MovementTest macOS */ = {
			isa = PBXNativeTarget;
			buildConfigurationList = A761387F208764D600FAD451 /* Build configuration list for PBXNativeTarget "MovementTest macOS" */;
			buildPhases = (
				A7613864208764D600FAD451 /* Sources */,
				A7613865208764D600FAD451 /* Frameworks */,
				A7613866208764D600FAD451 /* Resources */,
			);
			buildRules = (
			);
			dependencies = (
			);
			name = "MovementTest macOS";
			productName = "MovementTest macOS";
			productReference = A7613868208764D600FAD451 /* MovementTest.app */;
			productType = "com.apple.product-type.application";
		};
/* End PBXNativeTarget section */

/* Begin PBXProject section */
		A761384C208764D300FAD451 /* Project object */ = {
			isa = PBXProject;
			attributes = {
				LastSwiftUpdateCheck = 0930;
				LastUpgradeCheck = 0930;
				ORGANIZATIONNAME = lollibus;
				TargetAttributes = {
					A7613858208764D500FAD451 = {
						CreatedOnToolsVersion = 9.3;
					};
					A7613867208764D600FAD451 = {
						CreatedOnToolsVersion = 9.3;
					};
				};
			};
			buildConfigurationList = A761384F208764D300FAD451 /* Build configuration list for PBXProject "MovementTest" */;
			compatibilityVersion = "Xcode 9.3";
			developmentRegion = en;
			hasScannedForEncodings = 0;
			knownRegions = (
				en,
				Base,
			);
			mainGroup = A761384B208764D300FAD451;
			productRefGroup = A761385A208764D500FAD451 /* Products */;
			projectDirPath = "";
			projectRoot = "";
			targets = (
				A7613858208764D500FAD451 /* MovementTest tvOS */,
				A7613867208764D600FAD451 /* MovementTest macOS */,
			);
		};
/* End PBXProject section */

/* Begin PBXResourcesBuildPhase section */
		A7613857208764D500FAD451 /* Resources */ = {
			isa = PBXResourcesBuildPhase;
			buildActionMask = 2147483647;
			files = (
				A7613862208764D500FAD451 /* Main.storyboard in Resources */,
				A7613874208764D600FAD451 /* GameScene.sks in Resources */,
				A7613878208764D600FAD451 /* Assets.xcassets in Resources */,
				A7613872208764D600FAD451 /* Actions.sks in Resources */,
			);
			runOnlyForDeploymentPostprocessing = 0;
		};
		A7613866208764D600FAD451 /* Resources */ = {
			isa = PBXResourcesBuildPhase;
			buildActionMask = 2147483647;
			files = (
				A7613870208764D600FAD451 /* Main.storyboard in Resources */,
				A7613875208764D600FAD451 /* GameScene.sks in Resources */,
				A7613879208764D600FAD451 /* Assets.xcassets in Resources */,
				A7613873208764D600FAD451 /* Actions.sks in Resources */,
			);
			runOnlyForDeploymentPostprocessing = 0;
		};
/* End PBXResourcesBuildPhase section */

/* Begin PBXSourcesBuildPhase section */
		A7613855208764D500FAD451 /* Sources */ = {
			isa = PBXSourcesBuildPhase;
			buildActionMask = 2147483647;
			files = (
				A7613876208764D600FAD451 /* GameScene.swift in Sources */,
				A761385F208764D500FAD451 /* GameViewController.swift in Sources */,
				A761385D208764D500FAD451 /* AppDelegate.swift in Sources */,
			);
			runOnlyForDeploymentPostprocessing = 0;
		};
		A7613864208764D600FAD451 /* Sources */ = {
			isa = PBXSourcesBuildPhase;
			buildActionMask = 2147483647;
			files = (
				A7613877208764D600FAD451 /* GameScene.swift in Sources */,
				A761386D208764D600FAD451 /* GameViewController.swift in Sources */,
				A761386B208764D600FAD451 /* AppDelegate.swift in Sources */,
			);
			runOnlyForDeploymentPostprocessing = 0;
		};
/* End PBXSourcesBuildPhase section */

/* Begin PBXVariantGroup section */
		A7613860208764D500FAD451 /* Main.storyboard */ = {
			isa = PBXVariantGroup;
			children = (
				A7613861208764D500FAD451 /* Base */,
			);
			name = Main.storyboard;
			sourceTree = "<group>";
		};
		A761386E208764D600FAD451 /* Main.storyboard */ = {
			isa = PBXVariantGroup;
			children = (
				A761386F208764D600FAD451 /* Base */,
			);
			name = Main.storyboard;
			sourceTree = "<group>";
		};
/* End PBXVariantGroup section */

/* Begin XCBuildConfiguration section */
		A761387A208764D600FAD451 /* Debug */ = {
			isa = XCBuildConfiguration;
			buildSettings = {
				ALWAYS_SEARCH_USER_PATHS = NO;
				CLANG_ANALYZER_NONNULL = YES;
				CLANG_ANALYZER_NUMBER_OBJECT_CONVERSION = YES_AGGRESSIVE;
				CLANG_CXX_LANGUAGE_STANDARD = "gnu++14";
				CLANG_CXX_LIBRARY = "libc++";
				CLANG_ENABLE_MODULES = YES;
				CLANG_ENABLE_OBJC_ARC = YES;
				CLANG_ENABLE_OBJC_WEAK = YES;
				CLANG_WARN_BLOCK_CAPTURE_AUTORELEASING = YES;
				CLANG_WARN_BOOL_CONVERSION = YES;
				CLANG_WARN_COMMA = YES;
				CLANG_WARN_CONSTANT_CONVERSION = YES;
				CLANG_WARN_DEPRECATED_OBJC_IMPLEMENTATIONS = YES;
				CLANG_WARN_DIRECT_OBJC_ISA_USAGE = YES_ERROR;
				CLANG_WARN_DOCUMENTATION_COMMENTS = YES;
				CLANG_WARN_EMPTY_BODY = YES;
				CLANG_WARN_ENUM_CONVERSION = YES;
				CLANG_WARN_INFINITE_RECURSION = YES;
				CLANG_WARN_INT_CONVERSION = YES;
				CLANG_WARN_NON_LITERAL_NULL_CONVERSION = YES;
				CLANG_WARN_OBJC_IMPLICIT_RETAIN_SELF = YES;
				CLANG_WARN_OBJC_LITERAL_CONVERSION = YES;
				CLANG_WARN_OBJC_ROOT_CLASS = YES_ERROR;
				CLANG_WARN_RANGE_LOOP_ANALYSIS = YES;
				CLANG_WARN_STRICT_PROTOTYPES = YES;
				CLANG_WARN_SUSPICIOUS_MOVE = YES;
				CLANG_WARN_UNGUARDED_AVAILABILITY = YES_AGGRESSIVE;
				CLANG_WARN_UNREACHABLE_CODE = YES;
				CLANG_WARN__DUPLICATE_METHOD_MATCH = YES;
				COPY_PHASE_STRIP = NO;
				DEBUG_INFORMATION_FORMAT = dwarf;
				ENABLE_STRICT_OBJC_MSGSEND = YES;
				ENABLE_TESTABILITY = YES;
				GCC_C_LANGUAGE_STANDARD = gnu11;
				GCC_DYNAMIC_NO_PIC = NO;
				GCC_NO_COMMON_BLOCKS = YES;
				GCC_OPTIMIZATION_LEVEL = 0;
				GCC_PREPROCESSOR_DEFINITIONS = (
					"DEBUG=1",
					"$(inherited)",
				);
				GCC_WARN_64_TO_32_BIT_CONVERSION = YES;
				GCC_WARN_ABOUT_RETURN_TYPE = YES_ERROR;
				GCC_WARN_UNDECLARED_SELECTOR = YES;
				GCC_WARN_UNINITIALIZED_AUTOS = YES_AGGRESSIVE;
				GCC_WARN_UNUSED_FUNCTION = YES;
				GCC_WARN_UNUSED_VARIABLE = YES;
				MTL_ENABLE_DEBUG_INFO = YES;
				ONLY_ACTIVE_ARCH = YES;
				SWIFT_ACTIVE_COMPILATION_CONDITIONS = DEBUG;
				SWIFT_OPTIMIZATION_LEVEL = "-Onone";
			};
			name = Debug;
		};
		A761387B208764D600FAD451 /* Release */ = {
			isa = XCBuildConfiguration;
			buildSettings = {
				ALWAYS_SEARCH_USER_PATHS = NO;
				CLANG_ANALYZER_NONNULL = YES;
				CLANG_ANALYZER_NUMBER_OBJECT_CONVERSION = YES_AGGRESSIVE;
				CLANG_CXX_LANGUAGE_STANDARD = "gnu++14";
				CLANG_CXX_LIBRARY = "libc++";
				CLANG_ENABLE_MODULES = YES;
				CLANG_ENABLE_OBJC_ARC = YES;
				CLANG_ENABLE_OBJC_WEAK = YES;
				CLANG_WARN_BLOCK_CAPTURE_AUTORELEASING = YES;
				CLANG_WARN_BOOL_CONVERSION = YES;
				CLANG_WARN_COMMA = YES;
				CLANG_WARN_CONSTANT_CONVERSION = YES;
				CLANG_WARN_DEPRECATED_OBJC_IMPLEMENTATIONS = YES;
				CLANG_WARN_DIRECT_OBJC_ISA_USAGE = YES_ERROR;
				CLANG_WARN_DOCUMENTATION_COMMENTS = YES;
				CLANG_WARN_EMPTY_BODY = YES;
				CLANG_WARN_ENUM_CONVERSION = YES;
				CLANG_WARN_INFINITE_RECURSION = YES;
				CLANG_WARN_INT_CONVERSION = YES;
				CLANG_WARN_NON_LITERAL_NULL_CONVERSION = YES;
				CLANG_WARN_OBJC_IMPLICIT_RETAIN_SELF = YES;
				CLANG_WARN_OBJC_LITERAL_CONVERSION = YES;
				CLANG_WARN_OBJC_ROOT_CLASS = YES_ERROR;
				CLANG_WARN_RANGE_LOOP_ANALYSIS = YES;
				CLANG_WARN_STRICT_PROTOTYPES = YES;
				CLANG_WARN_SUSPICIOUS_MOVE = YES;
				CLANG_WARN_UNGUARDED_AVAILABILITY = YES_AGGRESSIVE;
				CLANG_WARN_UNREACHABLE_CODE = YES;
				CLANG_WARN__DUPLICATE_METHOD_MATCH = YES;
				COPY_PHASE_STRIP = NO;
				DEBUG_INFORMATION_FORMAT = "dwarf-with-dsym";
				ENABLE_NS_ASSERTIONS = NO;
				ENABLE_STRICT_OBJC_MSGSEND = YES;
				GCC_C_LANGUAGE_STANDARD = gnu11;
				GCC_NO_COMMON_BLOCKS = YES;
				GCC_WARN_64_TO_32_BIT_CONVERSION = YES;
				GCC_WARN_ABOUT_RETURN_TYPE = YES_ERROR;
				GCC_WARN_UNDECLARED_SELECTOR = YES;
				GCC_WARN_UNINITIALIZED_AUTOS = YES_AGGRESSIVE;
				GCC_WARN_UNUSED_FUNCTION = YES;
				GCC_WARN_UNUSED_VARIABLE = YES;
				MTL_ENABLE_DEBUG_INFO = NO;
				SWIFT_COMPILATION_MODE = wholemodule;
				SWIFT_OPTIMIZATION_LEVEL = "-O";
			};
			name = Release;
		};
		A761387D208764D600FAD451 /* Debug */ = {
			isa = XCBuildConfiguration;
			buildSettings = {
				ASSETCATALOG_COMPILER_APPICON_NAME = "tvOS App Icon & Top Shelf Image";
				ASSETCATALOG_COMPILER_LAUNCHIMAGE_NAME = "tvOS LaunchImage";
				CODE_SIGN_STYLE = Automatic;
				DEVELOPMENT_TEAM = J3XFT964L7;
				INFOPLIST_FILE = "MovementTest tvOS/Info.plist";
				LD_RUNPATH_SEARCH_PATHS = (
					"$(inherited)",
					"@executable_path/Frameworks",
				);
				PRODUCT_BUNDLE_IDENTIFIER = com.cose.lollibus.MovementTest;
				PRODUCT_NAME = MovementTest;
				SDKROOT = appletvos;
				SWIFT_VERSION = 4.0;
				TARGETED_DEVICE_FAMILY = 3;
				TVOS_DEPLOYMENT_TARGET = 11.3;
			};
			name = Debug;
		};
		A761387E208764D600FAD451 /* Release */ = {
			isa = XCBuildConfiguration;
			buildSettings = {
				ASSETCATALOG_COMPILER_APPICON_NAME = "tvOS App Icon & Top Shelf Image";
				ASSETCATALOG_COMPILER_LAUNCHIMAGE_NAME = "tvOS LaunchImage";
				CODE_SIGN_STYLE = Automatic;
				DEVELOPMENT_TEAM = J3XFT964L7;
				INFOPLIST_FILE = "MovementTest tvOS/Info.plist";
				LD_RUNPATH_SEARCH_PATHS = (
					"$(inherited)",
					"@executable_path/Frameworks",
				);
				PRODUCT_BUNDLE_IDENTIFIER = com.cose.lollibus.MovementTest;
				PRODUCT_NAME = MovementTest;
				SDKROOT = appletvos;
				SWIFT_VERSION = 4.0;
				TARGETED_DEVICE_FAMILY = 3;
				TVOS_DEPLOYMENT_TARGET = 11.3;
				VALIDATE_PRODUCT = YES;
			};
			name = Release;
		};
		A7613880208764D600FAD451 /* Debug */ = {
			isa = XCBuildConfiguration;
			buildSettings = {
				ASSETCATALOG_COMPILER_APPICON_NAME = AppIcon;
				CODE_SIGN_IDENTITY = "-";
				CODE_SIGN_STYLE = Automatic;
				COMBINE_HIDPI_IMAGES = YES;
				DEVELOPMENT_TEAM = J3XFT964L7;
				INFOPLIST_FILE = "MovementTest macOS/Info.plist";
				LD_RUNPATH_SEARCH_PATHS = (
					"$(inherited)",
					"@executable_path/../Frameworks",
				);
				MACOSX_DEPLOYMENT_TARGET = 10.13;
				PRODUCT_BUNDLE_IDENTIFIER = com.cose.lollibus.MovementTest;
				PRODUCT_NAME = MovementTest;
				SDKROOT = macosx;
				SWIFT_VERSION = 4.0;
			};
			name = Debug;
		};
		A7613881208764D600FAD451 /* Release */ = {
			isa = XCBuildConfiguration;
			buildSettings = {
				ASSETCATALOG_COMPILER_APPICON_NAME = AppIcon;
				CODE_SIGN_IDENTITY = "-";
				CODE_SIGN_STYLE = Automatic;
				COMBINE_HIDPI_IMAGES = YES;
				DEVELOPMENT_TEAM = J3XFT964L7;
				INFOPLIST_FILE = "MovementTest macOS/Info.plist";
				LD_RUNPATH_SEARCH_PATHS = (
					"$(inherited)",
					"@executable_path/../Frameworks",
				);
				MACOSX_DEPLOYMENT_TARGET = 10.13;
				PRODUCT_BUNDLE_IDENTIFIER = com.cose.lollibus.MovementTest;
				PRODUCT_NAME = MovementTest;
				SDKROOT = macosx;
				SWIFT_VERSION = 4.0;
			};
			name = Release;
		};
/* End XCBuildConfiguration section */

/* Begin XCConfigurationList section */
		A761384F208764D300FAD451 /* Build configuration list for PBXProject "MovementTest" */ = {
			isa = XCConfigurationList;
			buildConfigurations = (
				A761387A208764D600FAD451 /* Debug */,
				A761387B208764D600FAD451 /* Release */,
			);
			defaultConfigurationIsVisible = 0;
			defaultConfigurationName = Release;
		};
		A761387C208764D600FAD451 /* Build configuration list for PBXNativeTarget "MovementTest tvOS" */ = {
			isa = XCConfigurationList;
			buildConfigurations = (
				A761387D208764D600FAD451 /* Debug */,
				A761387E208764D600FAD451 /* Release */,
			);
			defaultConfigurationIsVisible = 0;
			defaultConfigurationName = Release;
		};
		A761387F208764D600FAD451 /* Build configuration list for PBXNativeTarget "MovementTest macOS" */ = {
			isa = XCConfigurationList;
			buildConfigurations = (
				A7613880208764D600FAD451 /* Debug */,
				A7613881208764D600FAD451 /* Release */,
			);
			defaultConfigurationIsVisible = 0;
			defaultConfigurationName = Release;
		};
/* End XCConfigurationList section */
	};
	rootObject = A761384C208764D300FAD451 /* Project object */;
}
